// !$*UTF8*$!
{
	archiveVersion = 1;
	classes = {
	};
	objectVersion = 77;
	objects = {

/* Begin PBXContainerItemProxy section */
		88D704C12DFD5CE500A9AE2E /* PBXContainerItemProxy */ = {
			isa = PBXContainerItemProxy;
			containerPortal = 88D704AB2DFD5CE200A9AE2E /* Project object */;
			proxyType = 1;
			remoteGlobalIDString = 88D704B22DFD5CE200A9AE2E;
			remoteInfo = AirPurifier_app;
		};
		88D704CB2DFD5CE500A9AE2E /* PBXContainerItemProxy */ = {
			isa = PBXContainerItemProxy;
			containerPortal = 88D704AB2DFD5CE200A9AE2E /* Project object */;
			proxyType = 1;
			remoteGlobalIDString = 88D704B22DFD5CE200A9AE2E;
			remoteInfo = AirPurifier_app;
		};
/* End PBXContainerItemProxy section */

/* Begin PBXFileReference section */
		88D704B32DFD5CE200A9AE2E /* AirPurifier_app.app */ = {isa = PBXFileReference; explicitFileType = wrapper.application; includeInIndex = 0; path = AirPurifier_app.app; sourceTree = BUILT_PRODUCTS_DIR; };
		88D704C02DFD5CE500A9AE2E /* AirPurifier_appTests.xctest */ = {isa = PBXFileReference; explicitFileType = wrapper.cfbundle; includeInIndex = 0; path = AirPurifier_appTests.xctest; sourceTree = BUILT_PRODUCTS_DIR; };
		88D704CA2DFD5CE500A9AE2E /* AirPurifier_appUITests.xctest */ = {isa = PBXFileReference; explicitFileType = wrapper.cfbundle; includeInIndex = 0; path = AirPurifier_appUITests.xctest; sourceTree = BUILT_PRODUCTS_DIR; };
/* End PBXFileReference section */

/* Begin PBXFileSystemSynchronizedRootGroup section */
		88D704B52DFD5CE200A9AE2E /* AirPurifier_app */ = {
			isa = PBXFileSystemSynchronizedRootGroup;
			path = AirPurifier_app;
			sourceTree = "<group>";
		};
		88D704C32DFD5CE500A9AE2E /* AirPurifier_appTests */ = {
			isa = PBXFileSystemSynchronizedRootGroup;
			path = AirPurifier_appTests;
			sourceTree = "<group>";
		};
		88D704CD2DFD5CE500A9AE2E /* AirPurifier_appUITests */ = {
			isa = PBXFileSystemSynchronizedRootGroup;
			path = AirPurifier_appUITests;
			sourceTree = "<group>";
		};
/* End PBXFileSystemSynchronizedRootGroup section */

/* Begin PBXFrameworksBuildPhase section */
		88D704B02DFD5CE200A9AE2E /* Frameworks */ = {
			isa = PBXFrameworksBuildPhase;
			buildActionMask = 2147483647;
			files = (
			);
			runOnlyForDeploymentPostprocessing = 0;
		};
		88D704BD2DFD5CE500A9AE2E /* Frameworks */ = {
			isa = PBXFrameworksBuildPhase;
			buildActionMask = 2147483647;
			files = (
			);
			runOnlyForDeploymentPostprocessing = 0;
		};
		88D704C72DFD5CE500A9AE2E /* Frameworks */ = {
			isa = PBXFrameworksBuildPhase;
			buildActionMask = 2147483647;
			files = (
			);
			runOnlyForDeploymentPostprocessing = 0;
		};
/* End PBXFrameworksBuildPhase section */

/* Begin PBXGroup section */
		88D704AA2DFD5CE200A9AE2E = {
			isa = PBXGroup;
			children = (
				88D704B52DFD5CE200A9AE2E /* AirPurifier_app */,
				88D704C32DFD5CE500A9AE2E /* AirPurifier_appTests */,
				88D704CD2DFD5CE500A9AE2E /* AirPurifier_appUITests */,
				88D704B42DFD5CE200A9AE2E /* Products */,
			);
			sourceTree = "<group>";
		};
		88D704B42DFD5CE200A9AE2E /* Products */ = {
			isa = PBXGroup;
			children = (
				88D704B32DFD5CE200A9AE2E /* AirPurifier_app.app */,
				88D704C02DFD5CE500A9AE2E /* AirPurifier_appTests.xctest */,
				88D704CA2DFD5CE500A9AE2E /* AirPurifier_appUITests.xctest */,
			);
			name = Products;
			sourceTree = "<group>";
		};
/* End PBXGroup section */

/* Begin PBXNativeTarget section */
		88D704B22DFD5CE200A9AE2E /* AirPurifier_app */ = {
			isa = PBXNativeTarget;
			buildConfigurationList = 88D704D42DFD5CE500A9AE2E /* Build configuration list for PBXNativeTarget "AirPurifier_app" */;
			buildPhases = (
				88D704AF2DFD5CE200A9AE2E /* Sources */,
				88D704B02DFD5CE200A9AE2E /* Frameworks */,
				88D704B12DFD5CE200A9AE2E /* Resources */,
			);
			buildRules = (
			);
			dependencies = (
			);
			fileSystemSynchronizedGroups = (
				88D704B52DFD5CE200A9AE2E /* AirPurifier_app */,
			);
			name = AirPurifier_app;
			packageProductDependencies = (
			);
			productName = AirPurifier_app;
			productReference = 88D704B32DFD5CE200A9AE2E /* AirPurifier_app.app */;
			productType = "com.apple.product-type.application";
		};
		88D704BF2DFD5CE500A9AE2E /* AirPurifier_appTests */ = {
			isa = PBXNativeTarget;
			buildConfigurationList = 88D704D72DFD5CE500A9AE2E /* Build configuration list for PBXNativeTarget "AirPurifier_appTests" */;
			buildPhases = (
				88D704BC2DFD5CE500A9AE2E /* Sources */,
				88D704BD2DFD5CE500A9AE2E /* Frameworks */,
				88D704BE2DFD5CE500A9AE2E /* Resources */,
			);
			buildRules = (
			);
			dependencies = (
				88D704C22DFD5CE500A9AE2E /* PBXTargetDependency */,
			);
			fileSystemSynchronizedGroups = (
				88D704C32DFD5CE500A9AE2E /* AirPurifier_appTests */,
			);
			name = AirPurifier_appTests;
			packageProductDependencies = (
			);
			productName = AirPurifier_appTests;
			productReference = 88D704C02DFD5CE500A9AE2E /* AirPurifier_appTests.xctest */;
			productType = "com.apple.product-type.bundle.unit-test";
		};
		88D704C92DFD5CE500A9AE2E /* AirPurifier_appUITests */ = {
			isa = PBXNativeTarget;
			buildConfigurationList = 88D704DA2DFD5CE500A9AE2E /* Build configuration list for PBXNativeTarget "AirPurifier_appUITests" */;
			buildPhases = (
				88D704C62DFD5CE500A9AE2E /* Sources */,
				88D704C72DFD5CE500A9AE2E /* Frameworks */,
				88D704C82DFD5CE500A9AE2E /* Resources */,
			);
			buildRules = (
			);
			dependencies = (
				88D704CC2DFD5CE500A9AE2E /* PBXTargetDependency */,
			);
			fileSystemSynchronizedGroups = (
				88D704CD2DFD5CE500A9AE2E /* AirPurifier_appUITests */,
			);
			name = AirPurifier_appUITests;
			packageProductDependencies = (
			);
			productName = AirPurifier_appUITests;
			productReference = 88D704CA2DFD5CE500A9AE2E /* AirPurifier_appUITests.xctest */;
			productType = "com.apple.product-type.bundle.ui-testing";
		};
/* End PBXNativeTarget section */

/* Begin PBXProject section */
		88D704AB2DFD5CE200A9AE2E /* Project object */ = {
			isa = PBXProject;
			attributes = {
				BuildIndependentTargetsInParallel = 1;
				LastSwiftUpdateCheck = 1630;
				LastUpgradeCheck = 1630;
				TargetAttributes = {
					88D704B22DFD5CE200A9AE2E = {
						CreatedOnToolsVersion = 16.3;
					};
					88D704BF2DFD5CE500A9AE2E = {
						CreatedOnToolsVersion = 16.3;
						TestTargetID = 88D704B22DFD5CE200A9AE2E;
					};
					88D704C92DFD5CE500A9AE2E = {
						CreatedOnToolsVersion = 16.3;
						TestTargetID = 88D704B22DFD5CE200A9AE2E;
					};
				};
			};
			buildConfigurationList = 88D704AE2DFD5CE200A9AE2E /* Build configuration list for PBXProject "AirPurifier_app" */;
			developmentRegion = en;
			hasScannedForEncodings = 0;
			knownRegions = (
				en,
				Base,
			);
			mainGroup = 88D704AA2DFD5CE200A9AE2E;
			minimizedProjectReferenceProxies = 1;
			preferredProjectObjectVersion = 77;
			productRefGroup = 88D704B42DFD5CE200A9AE2E /* Products */;
			projectDirPath = "";
			projectRoot = "";
			targets = (
				88D704B22DFD5CE200A9AE2E /* AirPurifier_app */,
				88D704BF2DFD5CE500A9AE2E /* AirPurifier_appTests */,
				88D704C92DFD5CE500A9AE2E /* AirPurifier_appUITests */,
			);
		};
/* End PBXProject section */

/* Begin PBXResourcesBuildPhase section */
		88D704B12DFD5CE200A9AE2E /* Resources */ = {
			isa = PBXResourcesBuildPhase;
			buildActionMask = 2147483647;
			files = (
			);
			runOnlyForDeploymentPostprocessing = 0;
		};
		88D704BE2DFD5CE500A9AE2E /* Resources */ = {
			isa = PBXResourcesBuildPhase;
			buildActionMask = 2147483647;
			files = (
			);
			runOnlyForDeploymentPostprocessing = 0;
		};
		88D704C82DFD5CE500A9AE2E /* Resources */ = {
			isa = PBXResourcesBuildPhase;
			buildActionMask = 2147483647;
			files = (
			);
			runOnlyForDeploymentPostprocessing = 0;
		};
/* End PBXResourcesBuildPhase section */

/* Begin PBXSourcesBuildPhase section */
		88D704AF2DFD5CE200A9AE2E /* Sources */ = {
			isa = PBXSourcesBuildPhase;
			buildActionMask = 2147483647;
			files = (
			);
			runOnlyForDeploymentPostprocessing = 0;
		};
		88D704BC2DFD5CE500A9AE2E /* Sources */ = {
			isa = PBXSourcesBuildPhase;
			buildActionMask = 2147483647;
			files = (
			);
			runOnlyForDeploymentPostprocessing = 0;
		};
		88D704C62DFD5CE500A9AE2E /* Sources */ = {
			isa = PBXSourcesBuildPhase;
			buildActionMask = 2147483647;
			files = (
			);
			runOnlyForDeploymentPostprocessing = 0;
		};
/* End PBXSourcesBuildPhase section */

/* Begin PBXTargetDependency section */
		88D704C22DFD5CE500A9AE2E /* PBXTargetDependency */ = {
			isa = PBXTargetDependency;
			target = 88D704B22DFD5CE200A9AE2E /* AirPurifier_app */;
			targetProxy = 88D704C12DFD5CE500A9AE2E /* PBXContainerItemProxy */;
		};
		88D704CC2DFD5CE500A9AE2E /* PBXTargetDependency */ = {
			isa = PBXTargetDependency;
			target = 88D704B22DFD5CE200A9AE2E /* AirPurifier_app */;
			targetProxy = 88D704CB2DFD5CE500A9AE2E /* PBXContainerItemProxy */;
		};
/* End PBXTargetDependency section */

/* Begin XCBuildConfiguration section */
		88D704D22DFD5CE500A9AE2E /* Debug */ = {
			isa = XCBuildConfiguration;
			buildSettings = {
				ALWAYS_SEARCH_USER_PATHS = NO;
				ASSETCATALOG_COMPILER_GENERATE_SWIFT_ASSET_SYMBOL_EXTENSIONS = YES;
				CLANG_ANALYZER_NONNULL = YES;
				CLANG_ANALYZER_NUMBER_OBJECT_CONVERSION = YES_AGGRESSIVE;
				CLANG_CXX_LANGUAGE_STANDARD = "gnu++20";
				CLANG_ENABLE_MODULES = YES;
				CLANG_ENABLE_OBJC_ARC = YES;
				CLANG_ENABLE_OBJC_WEAK = YES;
				CLANG_WARN_BLOCK_CAPTURE_AUTORELEASING = YES;
				CLANG_WARN_BOOL_CONVERSION = YES;
				CLANG_WARN_COMMA = YES;
				CLANG_WARN_CONSTANT_CONVERSION = YES;
				CLANG_WARN_DEPRECATED_OBJC_IMPLEMENTATIONS = YES;
				CLANG_WARN_DIRECT_OBJC_ISA_USAGE = YES_ERROR;
				CLANG_WARN_DOCUMENTATION_COMMENTS = YES;
				CLANG_WARN_EMPTY_BODY = YES;
				CLANG_WARN_ENUM_CONVERSION = YES;
				CLANG_WARN_INFINITE_RECURSION = YES;
				CLANG_WARN_INT_CONVERSION = YES;
				CLANG_WARN_NON_LITERAL_NULL_CONVERSION = YES;
				CLANG_WARN_OBJC_IMPLICIT_RETAIN_SELF = YES;
				CLANG_WARN_OBJC_LITERAL_CONVERSION = YES;
				CLANG_WARN_OBJC_ROOT_CLASS = YES_ERROR;
				CLANG_WARN_QUOTED_INCLUDE_IN_FRAMEWORK_HEADER = YES;
				CLANG_WARN_RANGE_LOOP_ANALYSIS = YES;
				CLANG_WARN_STRICT_PROTOTYPES = YES;
				CLANG_WARN_SUSPICIOUS_MOVE = YES;
				CLANG_WARN_UNGUARDED_AVAILABILITY = YES_AGGRESSIVE;
				CLANG_WARN_UNREACHABLE_CODE = YES;
				CLANG_WARN__DUPLICATE_METHOD_MATCH = YES;
				COPY_PHASE_STRIP = NO;
				DEBUG_INFORMATION_FORMAT = dwarf;
				ENABLE_STRICT_OBJC_MSGSEND = YES;
				ENABLE_TESTABILITY = YES;
				ENABLE_USER_SCRIPT_SANDBOXING = YES;
				GCC_C_LANGUAGE_STANDARD = gnu17;
				GCC_DYNAMIC_NO_PIC = NO;
				GCC_NO_COMMON_BLOCKS = YES;
				GCC_OPTIMIZATION_LEVEL = 0;
				GCC_PREPROCESSOR_DEFINITIONS = (
					"DEBUG=1",
					"$(inherited)",
				);
				GCC_WARN_64_TO_32_BIT_CONVERSION = YES;
				GCC_WARN_ABOUT_RETURN_TYPE = YES_ERROR;
				GCC_WARN_UNDECLARED_SELECTOR = YES;
				GCC_WARN_UNINITIALIZED_AUTOS = YES_AGGRESSIVE;
				GCC_WARN_UNUSED_FUNCTION = YES;
				GCC_WARN_UNUSED_VARIABLE = YES;
				IPHONEOS_DEPLOYMENT_TARGET = 18.4;
				LOCALIZATION_PREFERS_STRING_CATALOGS = YES;
				MTL_ENABLE_DEBUG_INFO = INCLUDE_SOURCE;
				MTL_FAST_MATH = YES;
				ONLY_ACTIVE_ARCH = YES;
				SDKROOT = iphoneos;
				SWIFT_ACTIVE_COMPILATION_CONDITIONS = "DEBUG $(inherited)";
				SWIFT_OPTIMIZATION_LEVEL = "-Onone";
			};
			name = Debug;
		};
		88D704D32DFD5CE500A9AE2E /* Release */ = {
			isa = XCBuildConfiguration;
			buildSettings = {
				ALWAYS_SEARCH_USER_PATHS = NO;
				ASSETCATALOG_COMPILER_GENERATE_SWIFT_ASSET_SYMBOL_EXTENSIONS = YES;
				CLANG_ANALYZER_NONNULL = YES;
				CLANG_ANALYZER_NUMBER_OBJECT_CONVERSION = YES_AGGRESSIVE;
				CLANG_CXX_LANGUAGE_STANDARD = "gnu++20";
				CLANG_ENABLE_MODULES = YES;
				CLANG_ENABLE_OBJC_ARC = YES;
				CLANG_ENABLE_OBJC_WEAK = YES;
				CLANG_WARN_BLOCK_CAPTURE_AUTORELEASING = YES;
				CLANG_WARN_BOOL_CONVERSION = YES;
				CLANG_WARN_COMMA = YES;
				CLANG_WARN_CONSTANT_CONVERSION = YES;
				CLANG_WARN_DEPRECATED_OBJC_IMPLEMENTATIONS = YES;
				CLANG_WARN_DIRECT_OBJC_ISA_USAGE = YES_ERROR;
				CLANG_WARN_DOCUMENTATION_COMMENTS = YES;
				CLANG_WARN_EMPTY_BODY = YES;
				CLANG_WARN_ENUM_CONVERSION = YES;
				CLANG_WARN_INFINITE_RECURSION = YES;
				CLANG_WARN_INT_CONVERSION = YES;
				CLANG_WARN_NON_LITERAL_NULL_CONVERSION = YES;
				CLANG_WARN_OBJC_IMPLICIT_RETAIN_SELF = YES;
				CLANG_WARN_OBJC_LITERAL_CONVERSION = YES;
				CLANG_WARN_OBJC_ROOT_CLASS = YES_ERROR;
				CLANG_WARN_QUOTED_INCLUDE_IN_FRAMEWORK_HEADER = YES;
				CLANG_WARN_RANGE_LOOP_ANALYSIS = YES;
				CLANG_WARN_STRICT_PROTOTYPES = YES;
				CLANG_WARN_SUSPICIOUS_MOVE = YES;
				CLANG_WARN_UNGUARDED_AVAILABILITY = YES_AGGRESSIVE;
				CLANG_WARN_UNREACHABLE_CODE = YES;
				CLANG_WARN__DUPLICATE_METHOD_MATCH = YES;
				COPY_PHASE_STRIP = NO;
				DEBUG_INFORMATION_FORMAT = "dwarf-with-dsym";
				ENABLE_NS_ASSERTIONS = NO;
				ENABLE_STRICT_OBJC_MSGSEND = YES;
				ENABLE_USER_SCRIPT_SANDBOXING = YES;
				GCC_C_LANGUAGE_STANDARD = gnu17;
				GCC_NO_COMMON_BLOCKS = YES;
				GCC_WARN_64_TO_32_BIT_CONVERSION = YES;
				GCC_WARN_ABOUT_RETURN_TYPE = YES_ERROR;
				GCC_WARN_UNDECLARED_SELECTOR = YES;
				GCC_WARN_UNINITIALIZED_AUTOS = YES_AGGRESSIVE;
				GCC_WARN_UNUSED_FUNCTION = YES;
				GCC_WARN_UNUSED_VARIABLE = YES;
				IPHONEOS_DEPLOYMENT_TARGET = 18.4;
				LOCALIZATION_PREFERS_STRING_CATALOGS = YES;
				MTL_ENABLE_DEBUG_INFO = NO;
				MTL_FAST_MATH = YES;
				SDKROOT = iphoneos;
				SWIFT_COMPILATION_MODE = wholemodule;
				VALIDATE_PRODUCT = YES;
			};
			name = Release;
		};
		88D704D52DFD5CE500A9AE2E /* Debug */ = {
			isa = XCBuildConfiguration;
			buildSettings = {
				ASSETCATALOG_COMPILER_APPICON_NAME = AppIcon;
				ASSETCATALOG_COMPILER_GLOBAL_ACCENT_COLOR_NAME = AccentColor;
				CODE_SIGN_STYLE = Automatic;
				CURRENT_PROJECT_VERSION = 1;
				ENABLE_PREVIEWS = YES;
				GENERATE_INFOPLIST_FILE = YES;
				INFOPLIST_KEY_UIApplicationSceneManifest_Generation = YES;
				INFOPLIST_KEY_UIApplicationSupportsIndirectInputEvents = YES;
				INFOPLIST_KEY_UILaunchScreen_Generation = YES;
				INFOPLIST_KEY_UISupportedInterfaceOrientations_iPad = "UIInterfaceOrientationPortrait UIInterfaceOrientationPortraitUpsideDown UIInterfaceOrientationLandscapeLeft UIInterfaceOrientationLandscapeRight";
				INFOPLIST_KEY_UISupportedInterfaceOrientations_iPhone = "UIInterfaceOrientationPortrait UIInterfaceOrientationLandscapeLeft UIInterfaceOrientationLandscapeRight";
				LD_RUNPATH_SEARCH_PATHS = (
					"$(inherited)",
					"@executable_path/Frameworks",
				);
				MARKETING_VERSION = 1.0;
				PRODUCT_BUNDLE_IDENTIFIER = "iotTest.AirPurifier-app";
				PRODUCT_NAME = "$(TARGET_NAME)";
				SWIFT_EMIT_LOC_STRINGS = YES;
				SWIFT_VERSION = 5.0;
				TARGETED_DEVICE_FAMILY = "1,2";
			};
			name = Debug;
		};
		88D704D62DFD5CE500A9AE2E /* Release */ = {
			isa = XCBuildConfiguration;
			buildSettings = {
				ASSETCATALOG_COMPILER_APPICON_NAME = AppIcon;
				ASSETCATALOG_COMPILER_GLOBAL_ACCENT_COLOR_NAME = AccentColor;
				CODE_SIGN_STYLE = Automatic;
				CURRENT_PROJECT_VERSION = 1;
				ENABLE_PREVIEWS = YES;
				GENERATE_INFOPLIST_FILE = YES;
				INFOPLIST_KEY_UIApplicationSceneManifest_Generation = YES;
				INFOPLIST_KEY_UIApplicationSupportsIndirectInputEvents = YES;
				INFOPLIST_KEY_UILaunchScreen_Generation = YES;
				INFOPLIST_KEY_UISupportedInterfaceOrientations_iPad = "UIInterfaceOrientationPortrait UIInterfaceOrientationPortraitUpsideDown UIInterfaceOrientationLandscapeLeft UIInterfaceOrientationLandscapeRight";
				INFOPLIST_KEY_UISupportedInterfaceOrientations_iPhone = "UIInterfaceOrientationPortrait UIInterfaceOrientationLandscapeLeft UIInterfaceOrientationLandscapeRight";
				LD_RUNPATH_SEARCH_PATHS = (
					"$(inherited)",
					"@executable_path/Frameworks",
				);
				MARKETING_VERSION = 1.0;
				PRODUCT_BUNDLE_IDENTIFIER = "iotTest.AirPurifier-app";
				PRODUCT_NAME = "$(TARGET_NAME)";
				SWIFT_EMIT_LOC_STRINGS = YES;
				SWIFT_VERSION = 5.0;
				TARGETED_DEVICE_FAMILY = "1,2";
			};
			name = Release;
		};
		88D704D82DFD5CE500A9AE2E /* Debug */ = {
			isa = XCBuildConfiguration;
			buildSettings = {
				BUNDLE_LOADER = "$(TEST_HOST)";
				CODE_SIGN_STYLE = Automatic;
				CURRENT_PROJECT_VERSION = 1;
				GENERATE_INFOPLIST_FILE = YES;
				IPHONEOS_DEPLOYMENT_TARGET = 18.4;
				MARKETING_VERSION = 1.0;
				PRODUCT_BUNDLE_IDENTIFIER = "iotTest.AirPurifier-appTests";
				PRODUCT_NAME = "$(TARGET_NAME)";
				SWIFT_EMIT_LOC_STRINGS = NO;
				SWIFT_VERSION = 5.0;
				TARGETED_DEVICE_FAMILY = "1,2";
				TEST_HOST = "$(BUILT_PRODUCTS_DIR)/AirPurifier_app.app/$(BUNDLE_EXECUTABLE_FOLDER_PATH)/AirPurifier_app";
			};
			name = Debug;
		};
		88D704D92DFD5CE500A9AE2E /* Release */ = {
			isa = XCBuildConfiguration;
			buildSettings = {
				BUNDLE_LOADER = "$(TEST_HOST)";
				CODE_SIGN_STYLE = Automatic;
				CURRENT_PROJECT_VERSION = 1;
				GENERATE_INFOPLIST_FILE = YES;
				IPHONEOS_DEPLOYMENT_TARGET = 18.4;
				MARKETING_VERSION = 1.0;
				PRODUCT_BUNDLE_IDENTIFIER = "iotTest.AirPurifier-appTests";
				PRODUCT_NAME = "$(TARGET_NAME)";
				SWIFT_EMIT_LOC_STRINGS = NO;
				SWIFT_VERSION = 5.0;
				TARGETED_DEVICE_FAMILY = "1,2";
				TEST_HOST = "$(BUILT_PRODUCTS_DIR)/AirPurifier_app.app/$(BUNDLE_EXECUTABLE_FOLDER_PATH)/AirPurifier_app";
			};
			name = Release;
		};
		88D704DB2DFD5CE500A9AE2E /* Debug */ = {
			isa = XCBuildConfiguration;
			buildSettings = {
				CODE_SIGN_STYLE = Automatic;
				CURRENT_PROJECT_VERSION = 1;
				GENERATE_INFOPLIST_FILE = YES;
				MARKETING_VERSION = 1.0;
				PRODUCT_BUNDLE_IDENTIFIER = "iotTest.AirPurifier-appUITests";
				PRODUCT_NAME = "$(TARGET_NAME)";
				SWIFT_EMIT_LOC_STRINGS = NO;
				SWIFT_VERSION = 5.0;
				TARGETED_DEVICE_FAMILY = "1,2";
				TEST_TARGET_NAME = AirPurifier_app;
			};
			name = Debug;
		};
		88D704DC2DFD5CE500A9AE2E /* Release */ = {
			isa = XCBuildConfiguration;
			buildSettings = {
				CODE_SIGN_STYLE = Automatic;
				CURRENT_PROJECT_VERSION = 1;
				GENERATE_INFOPLIST_FILE = YES;
				MARKETING_VERSION = 1.0;
				PRODUCT_BUNDLE_IDENTIFIER = "iotTest.AirPurifier-appUITests";
				PRODUCT_NAME = "$(TARGET_NAME)";
				SWIFT_EMIT_LOC_STRINGS = NO;
				SWIFT_VERSION = 5.0;
				TARGETED_DEVICE_FAMILY = "1,2";
				TEST_TARGET_NAME = AirPurifier_app;
			};
			name = Release;
		};
/* End XCBuildConfiguration section */

/* Begin XCConfigurationList section */
		88D704AE2DFD5CE200A9AE2E /* Build configuration list for PBXProject "AirPurifier_app" */ = {
			isa = XCConfigurationList;
			buildConfigurations = (
				88D704D22DFD5CE500A9AE2E /* Debug */,
				88D704D32DFD5CE500A9AE2E /* Release */,
			);
			defaultConfigurationIsVisible = 0;
			defaultConfigurationName = Release;
		};
		88D704D42DFD5CE500A9AE2E /* Build configuration list for PBXNativeTarget "AirPurifier_app" */ = {
			isa = XCConfigurationList;
			buildConfigurations = (
				88D704D52DFD5CE500A9AE2E /* Debug */,
				88D704D62DFD5CE500A9AE2E /* Release */,
			);
			defaultConfigurationIsVisible = 0;
			defaultConfigurationName = Release;
		};
		88D704D72DFD5CE500A9AE2E /* Build configuration list for PBXNativeTarget "AirPurifier_appTests" */ = {
			isa = XCConfigurationList;
			buildConfigurations = (
				88D704D82DFD5CE500A9AE2E /* Debug */,
				88D704D92DFD5CE500A9AE2E /* Release */,
			);
			defaultConfigurationIsVisible = 0;
			defaultConfigurationName = Release;
		};
		88D704DA2DFD5CE500A9AE2E /* Build configuration list for PBXNativeTarget "AirPurifier_appUITests" */ = {
			isa = XCConfigurationList;
			buildConfigurations = (
				88D704DB2DFD5CE500A9AE2E /* Debug */,
				88D704DC2DFD5CE500A9AE2E /* Release */,
			);
			defaultConfigurationIsVisible = 0;
			defaultConfigurationName = Release;
		};
/* End XCConfigurationList section */
	};
	rootObject = 88D704AB2DFD5CE200A9AE2E /* Project object */;
}
